
Microsoft Visual Studio Solution File, Format Version 11.00
# Visual Studio 2010
Project("{2150E333-8FDC-42A3-9474-1A3956D46DE8}") = "1_Utilities", "1_Utilities", "{AEB81AD0-2523-435D-8125-76D9B241B21E}"
EndProject
Project("{2150E333-8FDC-42A3-9474-1A3956D46DE8}") = "2_Graphics_Rendering", "2_Graphics_Rendering", "{647D8E06-97AD-4BA8-A006-9E02EE7C822B}"
EndProject
Project("{2150E333-8FDC-42A3-9474-1A3956D46DE8}") = "3_Image_Video", "3_Image_Video", "{050140A7-634E-46A6-870F-6D1DE78F7DF8}"
EndProject
Project("{2150E333-8FDC-42A3-9474-1A3956D46DE8}") = "5_Simulation", "5_Simulation", "{0DD9D0BF-DD5E-45C1-8814-C95738709A2D}"
EndProject
Project("{2150E333-8FDC-42A3-9474-1A3956D46DE8}") = "4_Finance", "4_Finance", "{03033F22-7E11-40A5-8749-4645E71760C9}"
EndProject
Project("{2150E333-8FDC-42A3-9474-1A3956D46DE8}") = "6_Advanced", "6_Advanced", "{AC9D3ED4-C50A-40B4-8806-4B3FB260A6FA}"
EndProject
Project("{2150E333-8FDC-42A3-9474-1A3956D46DE8}") = "0_Simple", "0_Simple", "{37DD7A6C-ADC1-4D17-9B07-1235192B8B7C}"
EndProject
Project("{8BC9CEB8-8B4A-11D0-8D11-00A0C91BC942}") = "shrUtils", "..\shared\shrUtils_vs2010.vcxproj", "{F9750D72-D315-4F81-AF1B-10938220FFB3}"
EndProject
Project("{8BC9CEB8-8B4A-11D0-8D11-00A0C91BC942}") = "oclUtils", "common\oclUtils_vs2010.vcxproj", "{BF58727A-D088-4911-8A40-74DFD600AD30}"
	ProjectSection(ProjectDependencies) = postProject
		{F9750D72-D315-4F81-AF1B-10938220FFB3} = {F9750D72-D315-4F81-AF1B-10938220FFB3}
	EndProjectSection
EndProject
Project("{8BC9CEB8-8B4A-11D0-8D11-00A0C91BC942}") = "oclBandwidthTest", "src\oclBandwidthTest\oclBandwidthTest_vs2010.vcxproj", "{21630B5A-116E-4F77-9E29-A88AE622CC94}"
	ProjectSection(ProjectDependencies) = postProject
		{F9750D72-D315-4F81-AF1B-10938220FFB3} = {F9750D72-D315-4F81-AF1B-10938220FFB3}
		{BF58727A-D088-4911-8A40-74DFD600AD30} = {BF58727A-D088-4911-8A40-74DFD600AD30}
	EndProjectSection
EndProject
Project("{8BC9CEB8-8B4A-11D0-8D11-00A0C91BC942}") = "oclBlackScholes", "src\oclBlackScholes\oclBlackScholes_vs2010.vcxproj", "{C9ED550B-10A3-49D0-82E9-E0C475980F55}"
	ProjectSection(ProjectDependencies) = postProject
		{F9750D72-D315-4F81-AF1B-10938220FFB3} = {F9750D72-D315-4F81-AF1B-10938220FFB3}
		{BF58727A-D088-4911-8A40-74DFD600AD30} = {BF58727A-D088-4911-8A40-74DFD600AD30}
	EndProjectSection
EndProject
Project("{8BC9CEB8-8B4A-11D0-8D11-00A0C91BC942}") = "oclBoxFilter", "src\oclBoxFilter\oclBoxFilter_vs2010.vcxproj", "{496A8209-EB7E-4207-807A-11F4B92C3FFC}"
	ProjectSection(ProjectDependencies) = postProject
		{F9750D72-D315-4F81-AF1B-10938220FFB3} = {F9750D72-D315-4F81-AF1B-10938220FFB3}
		{BF58727A-D088-4911-8A40-74DFD600AD30} = {BF58727A-D088-4911-8A40-74DFD600AD30}
	EndProjectSection
EndProject
Project("{8BC9CEB8-8B4A-11D0-8D11-00A0C91BC942}") = "oclConvolutionSeparable", "src\oclConvolutionSeparable\oclConvolutionSeparable_vs2010.vcxproj", "{EE2C07F9-B963-4FE7-A87A-D997244DBDE5}"
	ProjectSection(ProjectDependencies) = postProject
		{F9750D72-D315-4F81-AF1B-10938220FFB3} = {F9750D72-D315-4F81-AF1B-10938220FFB3}
		{BF58727A-D088-4911-8A40-74DFD600AD30} = {BF58727A-D088-4911-8A40-74DFD600AD30}
	EndProjectSection
EndProject
Project("{8BC9CEB8-8B4A-11D0-8D11-00A0C91BC942}") = "oclCopyComputeOverlap", "src\oclCopyComputeOverlap\oclCopyComputeOverlap_vs2010.vcxproj", "{0817FBBE-D390-42D8-B37E-409505E7A1CC}"
	ProjectSection(ProjectDependencies) = postProject
		{F9750D72-D315-4F81-AF1B-10938220FFB3} = {F9750D72-D315-4F81-AF1B-10938220FFB3}
		{BF58727A-D088-4911-8A40-74DFD600AD30} = {BF58727A-D088-4911-8A40-74DFD600AD30}
	EndProjectSection
EndProject
Project("{8BC9CEB8-8B4A-11D0-8D11-00A0C91BC942}") = "oclDCT8x8", "src\oclDCT8x8\oclDCT8x8_vs2010.vcxproj", "{EE153211-B4D7-46C6-AAE0-AA64F4DC7FF0}"
	ProjectSection(ProjectDependencies) = postProject
		{F9750D72-D315-4F81-AF1B-10938220FFB3} = {F9750D72-D315-4F81-AF1B-10938220FFB3}
		{BF58727A-D088-4911-8A40-74DFD600AD30} = {BF58727A-D088-4911-8A40-74DFD600AD30}
	EndProjectSection
EndProject
Project("{8BC9CEB8-8B4A-11D0-8D11-00A0C91BC942}") = "oclDeviceQuery", "src\oclDeviceQuery\oclDeviceQuery_vs2010.vcxproj", "{D2261A7A-F62D-4593-964E-FEBC8547962D}"
	ProjectSection(ProjectDependencies) = postProject
		{F9750D72-D315-4F81-AF1B-10938220FFB3} = {F9750D72-D315-4F81-AF1B-10938220FFB3}
		{BF58727A-D088-4911-8A40-74DFD600AD30} = {BF58727A-D088-4911-8A40-74DFD600AD30}
	EndProjectSection
EndProject
Project("{8BC9CEB8-8B4A-11D0-8D11-00A0C91BC942}") = "oclDotProduct", "src\oclDotProduct\oclDotProduct_vs2010.vcxproj", "{D6DD4313-F6A7-411D-96A4-94DD2F65E605}"
	ProjectSection(ProjectDependencies) = postProject
		{F9750D72-D315-4F81-AF1B-10938220FFB3} = {F9750D72-D315-4F81-AF1B-10938220FFB3}
		{BF58727A-D088-4911-8A40-74DFD600AD30} = {BF58727A-D088-4911-8A40-74DFD600AD30}
	EndProjectSection
EndProject
Project("{8BC9CEB8-8B4A-11D0-8D11-00A0C91BC942}") = "oclDXTCompression", "src\oclDXTCompression\oclDXTCompression_vs2010.vcxproj", "{ED229CBD-106B-4953-8A04-A9BEAB011F15}"
	ProjectSection(ProjectDependencies) = postProject
		{F9750D72-D315-4F81-AF1B-10938220FFB3} = {F9750D72-D315-4F81-AF1B-10938220FFB3}
		{BF58727A-D088-4911-8A40-74DFD600AD30} = {BF58727A-D088-4911-8A40-74DFD600AD30}
	EndProjectSection
EndProject
Project("{8BC9CEB8-8B4A-11D0-8D11-00A0C91BC942}") = "oclFDTD3d", "src\oclFDTD3d\oclFDTD3d_vs2010.vcxproj", "{E25DEA18-98C9-44A1-990A-43DCD5EF5737}"
	ProjectSection(ProjectDependencies) = postProject
		{F9750D72-D315-4F81-AF1B-10938220FFB3} = {F9750D72-D315-4F81-AF1B-10938220FFB3}
		{BF58727A-D088-4911-8A40-74DFD600AD30} = {BF58727A-D088-4911-8A40-74DFD600AD30}
	EndProjectSection
EndProject
Project("{8BC9CEB8-8B4A-11D0-8D11-00A0C91BC942}") = "oclHistogram", "src\oclHistogram\oclHistogram_vs2010.vcxproj", "{80CF7862-A9B1-4628-A9E2-5C51842AF4D9}"
	ProjectSection(ProjectDependencies) = postProject
		{F9750D72-D315-4F81-AF1B-10938220FFB3} = {F9750D72-D315-4F81-AF1B-10938220FFB3}
		{BF58727A-D088-4911-8A40-74DFD600AD30} = {BF58727A-D088-4911-8A40-74DFD600AD30}
	EndProjectSection
EndProject
Project("{8BC9CEB8-8B4A-11D0-8D11-00A0C91BC942}") = "oclHiddenMarkovModel", "src\oclHiddenMarkovModel\oclHiddenMarkovModel_vs2010.vcxproj", "{6E68D25A-F343-40C6-827A-80FD1ED18782}"
	ProjectSection(ProjectDependencies) = postProject
		{F9750D72-D315-4F81-AF1B-10938220FFB3} = {F9750D72-D315-4F81-AF1B-10938220FFB3}
		{BF58727A-D088-4911-8A40-74DFD600AD30} = {BF58727A-D088-4911-8A40-74DFD600AD30}
	EndProjectSection
EndProject
Project("{8BC9CEB8-8B4A-11D0-8D11-00A0C91BC942}") = "oclInlinePTX", "src\oclInlinePTX\oclInlinePTX_vs2010.vcxproj", "{2AE196F2-2992-4631-AAC5-FCCBDB18EAF2}"
	ProjectSection(ProjectDependencies) = postProject
		{F9750D72-D315-4F81-AF1B-10938220FFB3} = {F9750D72-D315-4F81-AF1B-10938220FFB3}
		{BF58727A-D088-4911-8A40-74DFD600AD30} = {BF58727A-D088-4911-8A40-74DFD600AD30}
	EndProjectSection
EndProject
Project("{8BC9CEB8-8B4A-11D0-8D11-00A0C91BC942}") = "oclMarchingCubes", "src\oclMarchingCubes\oclMarchingCubes_vs2010.vcxproj", "{B945CAE3-F906-4650-9F21-ECD737782A16}"
	ProjectSection(ProjectDependencies) = postProject
		{F9750D72-D315-4F81-AF1B-10938220FFB3} = {F9750D72-D315-4F81-AF1B-10938220FFB3}
		{BF58727A-D088-4911-8A40-74DFD600AD30} = {BF58727A-D088-4911-8A40-74DFD600AD30}
	EndProjectSection
EndProject
Project("{8BC9CEB8-8B4A-11D0-8D11-00A0C91BC942}") = "oclMatrixMul", "src\oclMatrixMul\oclMatrixMul_vs2010.vcxproj", "{A0DBD88C-B093-47E9-83F8-DB84595C6546}"
	ProjectSection(ProjectDependencies) = postProject
		{F9750D72-D315-4F81-AF1B-10938220FFB3} = {F9750D72-D315-4F81-AF1B-10938220FFB3}
		{BF58727A-D088-4911-8A40-74DFD600AD30} = {BF58727A-D088-4911-8A40-74DFD600AD30}
	EndProjectSection
EndProject
Project("{8BC9CEB8-8B4A-11D0-8D11-00A0C91BC942}") = "oclMatVecMul", "src\oclMatVecMul\oclMatVecMul_vs2010.vcxproj", "{022AEF98-E93A-498B-8217-40E5B6510FDE}"
	ProjectSection(ProjectDependencies) = postProject
		{F9750D72-D315-4F81-AF1B-10938220FFB3} = {F9750D72-D315-4F81-AF1B-10938220FFB3}
		{BF58727A-D088-4911-8A40-74DFD600AD30} = {BF58727A-D088-4911-8A40-74DFD600AD30}
	EndProjectSection
EndProject
Project("{8BC9CEB8-8B4A-11D0-8D11-00A0C91BC942}") = "oclMedianFilter", "src\oclMedianFilter\oclMedianFilter_vs2010.vcxproj", "{4D367F2A-CD39-4351-8688-CB33B220D208}"
	ProjectSection(ProjectDependencies) = postProject
		{F9750D72-D315-4F81-AF1B-10938220FFB3} = {F9750D72-D315-4F81-AF1B-10938220FFB3}
		{BF58727A-D088-4911-8A40-74DFD600AD30} = {BF58727A-D088-4911-8A40-74DFD600AD30}
	EndProjectSection
EndProject
Project("{8BC9CEB8-8B4A-11D0-8D11-00A0C91BC942}") = "oclMersenneTwister", "src\oclMersenneTwister\oclMersenneTwister_vs2010.vcxproj", "{9CBA1CF5-2A1B-41A4-85F6-22BE0A6756AB}"
	ProjectSection(ProjectDependencies) = postProject
		{F9750D72-D315-4F81-AF1B-10938220FFB3} = {F9750D72-D315-4F81-AF1B-10938220FFB3}
		{BF58727A-D088-4911-8A40-74DFD600AD30} = {BF58727A-D088-4911-8A40-74DFD600AD30}
	EndProjectSection
EndProject
Project("{8BC9CEB8-8B4A-11D0-8D11-00A0C91BC942}") = "oclMultiThreads", "src\oclMultiThreads\oclMultiThreads_vs2010.vcxproj", "{DFA83B78-E0F8-4DE9-9E2A-A4C4E509C640}"
	ProjectSection(ProjectDependencies) = postProject
		{F9750D72-D315-4F81-AF1B-10938220FFB3} = {F9750D72-D315-4F81-AF1B-10938220FFB3}
		{BF58727A-D088-4911-8A40-74DFD600AD30} = {BF58727A-D088-4911-8A40-74DFD600AD30}
	EndProjectSection
EndProject
Project("{8BC9CEB8-8B4A-11D0-8D11-00A0C91BC942}") = "oclNbody", "src\oclNbody\oclNbody_vs2010.vcxproj", "{4BE8CF88-B4DB-40DC-A23A-573B8B24467E}"
	ProjectSection(ProjectDependencies) = postProject
		{F9750D72-D315-4F81-AF1B-10938220FFB3} = {F9750D72-D315-4F81-AF1B-10938220FFB3}
		{BF58727A-D088-4911-8A40-74DFD600AD30} = {BF58727A-D088-4911-8A40-74DFD600AD30}
	EndProjectSection
EndProject
Project("{8BC9CEB8-8B4A-11D0-8D11-00A0C91BC942}") = "oclParticles", "src\oclParticles\oclParticles_vs2010.vcxproj", "{AF7F45C7-8545-4CA2-B835-FDE8823B7B09}"
	ProjectSection(ProjectDependencies) = postProject
		{F9750D72-D315-4F81-AF1B-10938220FFB3} = {F9750D72-D315-4F81-AF1B-10938220FFB3}
		{BF58727A-D088-4911-8A40-74DFD600AD30} = {BF58727A-D088-4911-8A40-74DFD600AD30}
	EndProjectSection
EndProject
Project("{8BC9CEB8-8B4A-11D0-8D11-00A0C91BC942}") = "oclPostprocessGL", "src\oclPostprocessGL\oclPostprocessGL_vs2010.vcxproj", "{0B38A91C-E797-46F9-9433-E1D5BFC3FFAB}"
	ProjectSection(ProjectDependencies) = postProject
		{F9750D72-D315-4F81-AF1B-10938220FFB3} = {F9750D72-D315-4F81-AF1B-10938220FFB3}
		{BF58727A-D088-4911-8A40-74DFD600AD30} = {BF58727A-D088-4911-8A40-74DFD600AD30}
	EndProjectSection
EndProject
Project("{8BC9CEB8-8B4A-11D0-8D11-00A0C91BC942}") = "oclQuasirandomGenerator", "src\oclQuasirandomGenerator\oclQuasirandomGenerator_vs2010.vcxproj", "{680BBEF1-4154-4969-8600-86C5097BF05D}"
	ProjectSection(ProjectDependencies) = postProject
		{F9750D72-D315-4F81-AF1B-10938220FFB3} = {F9750D72-D315-4F81-AF1B-10938220FFB3}
		{BF58727A-D088-4911-8A40-74DFD600AD30} = {BF58727A-D088-4911-8A40-74DFD600AD30}
	EndProjectSection
EndProject
Project("{8BC9CEB8-8B4A-11D0-8D11-00A0C91BC942}") = "oclRadixSort", "src\oclRadixSort\oclRadixSort_vs2010.vcxproj", "{7E8F5E8C-716F-4B3B-9CE2-1A48B6A2DF7D}"
	ProjectSection(ProjectDependencies) = postProject
		{F9750D72-D315-4F81-AF1B-10938220FFB3} = {F9750D72-D315-4F81-AF1B-10938220FFB3}
		{BF58727A-D088-4911-8A40-74DFD600AD30} = {BF58727A-D088-4911-8A40-74DFD600AD30}
	EndProjectSection
EndProject
Project("{8BC9CEB8-8B4A-11D0-8D11-00A0C91BC942}") = "oclRecursiveGaussian", "src\oclRecursiveGaussian\oclRecursiveGaussian_vs2010.vcxproj", "{D08A9151-7F62-43EC-BF1C-F20E08BEB3DF}"
	ProjectSection(ProjectDependencies) = postProject
		{F9750D72-D315-4F81-AF1B-10938220FFB3} = {F9750D72-D315-4F81-AF1B-10938220FFB3}
		{BF58727A-D088-4911-8A40-74DFD600AD30} = {BF58727A-D088-4911-8A40-74DFD600AD30}
	EndProjectSection
EndProject
Project("{8BC9CEB8-8B4A-11D0-8D11-00A0C91BC942}") = "oclReduction", "src\oclReduction\oclReduction_vs2010.vcxproj", "{869A144C-A321-4583-AD1A-953F98A3C901}"
	ProjectSection(ProjectDependencies) = postProject
		{F9750D72-D315-4F81-AF1B-10938220FFB3} = {F9750D72-D315-4F81-AF1B-10938220FFB3}
		{BF58727A-D088-4911-8A40-74DFD600AD30} = {BF58727A-D088-4911-8A40-74DFD600AD30}
	EndProjectSection
EndProject
Project("{8BC9CEB8-8B4A-11D0-8D11-00A0C91BC942}") = "oclScan", "src\oclScan\oclScan_vs2010.vcxproj", "{88755312-1AD2-481A-9509-9CC65F230DA9}"
EndProject
Project("{8BC9CEB8-8B4A-11D0-8D11-00A0C91BC942}") = "oclSimpleD3D9Texture", "src\oclSimpleD3D9Texture\oclSimpleD3D9Texture_vs2010.vcxproj", "{DD1EBA77-C7DB-473D-9A2D-778991E3FEA1}"
	ProjectSection(ProjectDependencies) = postProject
		{F9750D72-D315-4F81-AF1B-10938220FFB3} = {F9750D72-D315-4F81-AF1B-10938220FFB3}
		{BF58727A-D088-4911-8A40-74DFD600AD30} = {BF58727A-D088-4911-8A40-74DFD600AD30}
	EndProjectSection
EndProject
Project("{8BC9CEB8-8B4A-11D0-8D11-00A0C91BC942}") = "oclSimpleD3D10Texture", "src\oclSimpleD3D10Texture\oclSimpleD3D10Texture_vs2010.vcxproj", "{DD1EBA77-C7DB-473D-9A2D-778991E3FEA2}"
EndProject
Project("{8BC9CEB8-8B4A-11D0-8D11-00A0C91BC942}") = "oclSimpleGL", "src\oclSimpleGL\oclSimpleGL_vs2010.vcxproj", "{48D760A3-A90C-439B-A976-7AC2896B30FE}"
	ProjectSection(ProjectDependencies) = postProject
		{F9750D72-D315-4F81-AF1B-10938220FFB3} = {F9750D72-D315-4F81-AF1B-10938220FFB3}
		{BF58727A-D088-4911-8A40-74DFD600AD30} = {BF58727A-D088-4911-8A40-74DFD600AD30}
	EndProjectSection
EndProject
Project("{8BC9CEB8-8B4A-11D0-8D11-00A0C91BC942}") = "oclSimpleMultiGPU", "src\oclSimpleMultiGPU\oclSimpleMultiGPU_vs2010.vcxproj", "{9149E6F5-F965-406C-982B-A7748E1F18B0}"
	ProjectSection(ProjectDependencies) = postProject
		{F9750D72-D315-4F81-AF1B-10938220FFB3} = {F9750D72-D315-4F81-AF1B-10938220FFB3}
		{BF58727A-D088-4911-8A40-74DFD600AD30} = {BF58727A-D088-4911-8A40-74DFD600AD30}
	EndProjectSection
EndProject
Project("{8BC9CEB8-8B4A-11D0-8D11-00A0C91BC942}") = "oclSimpleTexture3D", "src\oclSimpleTexture3D\oclSimpleTexture3D_vs2010.vcxproj", "{5F06DB6D-AB1B-4B62-8373-255336036838}"
	ProjectSection(ProjectDependencies) = postProject
		{F9750D72-D315-4F81-AF1B-10938220FFB3} = {F9750D72-D315-4F81-AF1B-10938220FFB3}
		{BF58727A-D088-4911-8A40-74DFD600AD30} = {BF58727A-D088-4911-8A40-74DFD600AD30}
	EndProjectSection
EndProject
Project("{8BC9CEB8-8B4A-11D0-8D11-00A0C91BC942}") = "oclSobelFilter", "src\oclSobelFilter\oclSobelFilter_vs2010.vcxproj", "{50C0DBFF-DF34-40DC-95E7-DBC33D8B3DDD}"
	ProjectSection(ProjectDependencies) = postProject
		{F9750D72-D315-4F81-AF1B-10938220FFB3} = {F9750D72-D315-4F81-AF1B-10938220FFB3}
		{BF58727A-D088-4911-8A40-74DFD600AD30} = {BF58727A-D088-4911-8A40-74DFD600AD30}
	EndProjectSection
EndProject
Project("{8BC9CEB8-8B4A-11D0-8D11-00A0C91BC942}") = "oclSortingNetworks", "src\oclSortingNetworks\oclSortingNetworks_vs2010.vcxproj", "{9041C142-2104-4DC8-A383-74774DC07816}"
	ProjectSection(ProjectDependencies) = postProject
		{F9750D72-D315-4F81-AF1B-10938220FFB3} = {F9750D72-D315-4F81-AF1B-10938220FFB3}
		{BF58727A-D088-4911-8A40-74DFD600AD30} = {BF58727A-D088-4911-8A40-74DFD600AD30}
	EndProjectSection
EndProject
Project("{8BC9CEB8-8B4A-11D0-8D11-00A0C91BC942}") = "oclTranspose", "src\oclTranspose\oclTranspose_vs2010.vcxproj", "{424BD9F7-9E43-4A3A-9938-9AA8BBB47EB2}"
	ProjectSection(ProjectDependencies) = postProject
		{F9750D72-D315-4F81-AF1B-10938220FFB3} = {F9750D72-D315-4F81-AF1B-10938220FFB3}
		{BF58727A-D088-4911-8A40-74DFD600AD30} = {BF58727A-D088-4911-8A40-74DFD600AD30}
	EndProjectSection
EndProject
Project("{8BC9CEB8-8B4A-11D0-8D11-00A0C91BC942}") = "oclTridiagonal", "src\oclTridiagonal\oclTridiagonal_vs2010.vcxproj", "{4434C2E7-DFF8-4429-B864-49E015A7F603}"
	ProjectSection(ProjectDependencies) = postProject
		{F9750D72-D315-4F81-AF1B-10938220FFB3} = {F9750D72-D315-4F81-AF1B-10938220FFB3}
		{BF58727A-D088-4911-8A40-74DFD600AD30} = {BF58727A-D088-4911-8A40-74DFD600AD30}
	EndProjectSection
EndProject
Project("{8BC9CEB8-8B4A-11D0-8D11-00A0C91BC942}") = "oclVectorAdd", "src\oclVectorAdd\oclVectorAdd_vs2010.vcxproj", "{D497C2AB-F545-4AC9-A59E-6DC70D81C24F}"
	ProjectSection(ProjectDependencies) = postProject
		{F9750D72-D315-4F81-AF1B-10938220FFB3} = {F9750D72-D315-4F81-AF1B-10938220FFB3}
		{BF58727A-D088-4911-8A40-74DFD600AD30} = {BF58727A-D088-4911-8A40-74DFD600AD30}
	EndProjectSection
EndProject
Project("{8BC9CEB8-8B4A-11D0-8D11-00A0C91BC942}") = "oclVolumeRender", "src\oclVolumeRender\oclVolumeRender_vs2010.vcxproj", "{0C701F33-36C2-4BAE-82DB-42345788FC3E}"
	ProjectSection(ProjectDependencies) = postProject
		{F9750D72-D315-4F81-AF1B-10938220FFB3} = {F9750D72-D315-4F81-AF1B-10938220FFB3}
		{BF58727A-D088-4911-8A40-74DFD600AD30} = {BF58727A-D088-4911-8A40-74DFD600AD30}
	EndProjectSection
EndProject
Global
	GlobalSection(SolutionConfigurationPlatforms) = preSolution
		Debug|Win32 = Debug|Win32
		Debug|x64 = Debug|x64
		Release|Win32 = Release|Win32
		Release|x64 = Release|x64
	EndGlobalSection
	GlobalSection(ProjectConfigurationPlatforms) = postSolution
		{F9750D72-D315-4F81-AF1B-10938220FFB3}.Debug|Win32.ActiveCfg = Debug|Win32
		{F9750D72-D315-4F81-AF1B-10938220FFB3}.Debug|Win32.Build.0 = Debug|Win32
		{F9750D72-D315-4F81-AF1B-10938220FFB3}.Debug|x64.ActiveCfg = Debug|x64
		{F9750D72-D315-4F81-AF1B-10938220FFB3}.Debug|x64.Build.0 = Debug|x64
		{F9750D72-D315-4F81-AF1B-10938220FFB3}.Release|Win32.ActiveCfg = Release|Win32
		{F9750D72-D315-4F81-AF1B-10938220FFB3}.Release|Win32.Build.0 = Release|Win32
		{F9750D72-D315-4F81-AF1B-10938220FFB3}.Release|x64.ActiveCfg = Release|x64
		{F9750D72-D315-4F81-AF1B-10938220FFB3}.Release|x64.Build.0 = Release|x64
		{BF58727A-D088-4911-8A40-74DFD600AD30}.Debug|Win32.ActiveCfg = Debug|Win32
		{BF58727A-D088-4911-8A40-74DFD600AD30}.Debug|Win32.Build.0 = Debug|Win32
		{BF58727A-D088-4911-8A40-74DFD600AD30}.Debug|x64.ActiveCfg = Debug|x64
		{BF58727A-D088-4911-8A40-74DFD600AD30}.Debug|x64.Build.0 = Debug|x64
		{BF58727A-D088-4911-8A40-74DFD600AD30}.Release|Win32.ActiveCfg = Release|Win32
		{BF58727A-D088-4911-8A40-74DFD600AD30}.Release|Win32.Build.0 = Release|Win32
		{BF58727A-D088-4911-8A40-74DFD600AD30}.Release|x64.ActiveCfg = Release|x64
		{BF58727A-D088-4911-8A40-74DFD600AD30}.Release|x64.Build.0 = Release|x64
		{21630B5A-116E-4F77-9E29-A88AE622CC94}.Debug|Win32.ActiveCfg = Debug|Win32
		{21630B5A-116E-4F77-9E29-A88AE622CC94}.Debug|Win32.Build.0 = Debug|Win32
		{21630B5A-116E-4F77-9E29-A88AE622CC94}.Debug|x64.ActiveCfg = Debug|x64
		{21630B5A-116E-4F77-9E29-A88AE622CC94}.Debug|x64.Build.0 = Debug|x64
		{21630B5A-116E-4F77-9E29-A88AE622CC94}.Release|Win32.ActiveCfg = Release|Win32
		{21630B5A-116E-4F77-9E29-A88AE622CC94}.Release|Win32.Build.0 = Release|Win32
		{21630B5A-116E-4F77-9E29-A88AE622CC94}.Release|x64.ActiveCfg = Release|x64
		{21630B5A-116E-4F77-9E29-A88AE622CC94}.Release|x64.Build.0 = Release|x64
		{C9ED550B-10A3-49D0-82E9-E0C475980F55}.Debug|Win32.ActiveCfg = Debug|Win32
		{C9ED550B-10A3-49D0-82E9-E0C475980F55}.Debug|Win32.Build.0 = Debug|Win32
		{C9ED550B-10A3-49D0-82E9-E0C475980F55}.Debug|x64.ActiveCfg = Debug|x64
		{C9ED550B-10A3-49D0-82E9-E0C475980F55}.Debug|x64.Build.0 = Debug|x64
		{C9ED550B-10A3-49D0-82E9-E0C475980F55}.Release|Win32.ActiveCfg = Release|Win32
		{C9ED550B-10A3-49D0-82E9-E0C475980F55}.Release|Win32.Build.0 = Release|Win32
		{C9ED550B-10A3-49D0-82E9-E0C475980F55}.Release|x64.ActiveCfg = Release|x64
		{C9ED550B-10A3-49D0-82E9-E0C475980F55}.Release|x64.Build.0 = Release|x64
		{496A8209-EB7E-4207-807A-11F4B92C3FFC}.Debug|Win32.ActiveCfg = Debug|Win32
		{496A8209-EB7E-4207-807A-11F4B92C3FFC}.Debug|Win32.Build.0 = Debug|Win32
		{496A8209-EB7E-4207-807A-11F4B92C3FFC}.Debug|x64.ActiveCfg = Debug|x64
		{496A8209-EB7E-4207-807A-11F4B92C3FFC}.Debug|x64.Build.0 = Debug|x64
		{496A8209-EB7E-4207-807A-11F4B92C3FFC}.Release|Win32.ActiveCfg = Release|Win32
		{496A8209-EB7E-4207-807A-11F4B92C3FFC}.Release|Win32.Build.0 = Release|Win32
		{496A8209-EB7E-4207-807A-11F4B92C3FFC}.Release|x64.ActiveCfg = Release|x64
		{496A8209-EB7E-4207-807A-11F4B92C3FFC}.Release|x64.Build.0 = Release|x64
		{EE2C07F9-B963-4FE7-A87A-D997244DBDE5}.Debug|Win32.ActiveCfg = Debug|Win32
		{EE2C07F9-B963-4FE7-A87A-D997244DBDE5}.Debug|Win32.Build.0 = Debug|Win32
		{EE2C07F9-B963-4FE7-A87A-D997244DBDE5}.Debug|x64.ActiveCfg = Debug|x64
		{EE2C07F9-B963-4FE7-A87A-D997244DBDE5}.Debug|x64.Build.0 = Debug|x64
		{EE2C07F9-B963-4FE7-A87A-D997244DBDE5}.Release|Win32.ActiveCfg = Release|Win32
		{EE2C07F9-B963-4FE7-A87A-D997244DBDE5}.Release|Win32.Build.0 = Release|Win32
		{EE2C07F9-B963-4FE7-A87A-D997244DBDE5}.Release|x64.ActiveCfg = Release|x64
		{EE2C07F9-B963-4FE7-A87A-D997244DBDE5}.Release|x64.Build.0 = Release|x64
		{0817FBBE-D390-42D8-B37E-409505E7A1CC}.Debug|Win32.ActiveCfg = Debug|Win32
		{0817FBBE-D390-42D8-B37E-409505E7A1CC}.Debug|Win32.Build.0 = Debug|Win32
		{0817FBBE-D390-42D8-B37E-409505E7A1CC}.Debug|x64.ActiveCfg = Debug|x64
		{0817FBBE-D390-42D8-B37E-409505E7A1CC}.Debug|x64.Build.0 = Debug|x64
		{0817FBBE-D390-42D8-B37E-409505E7A1CC}.Release|Win32.ActiveCfg = Release|Win32
		{0817FBBE-D390-42D8-B37E-409505E7A1CC}.Release|Win32.Build.0 = Release|Win32
		{0817FBBE-D390-42D8-B37E-409505E7A1CC}.Release|x64.ActiveCfg = Release|x64
		{0817FBBE-D390-42D8-B37E-409505E7A1CC}.Release|x64.Build.0 = Release|x64
		{EE153211-B4D7-46C6-AAE0-AA64F4DC7FF0}.Debug|Win32.ActiveCfg = Debug|Win32
		{EE153211-B4D7-46C6-AAE0-AA64F4DC7FF0}.Debug|Win32.Build.0 = Debug|Win32
		{EE153211-B4D7-46C6-AAE0-AA64F4DC7FF0}.Debug|x64.ActiveCfg = Debug|x64
		{EE153211-B4D7-46C6-AAE0-AA64F4DC7FF0}.Debug|x64.Build.0 = Debug|x64
		{EE153211-B4D7-46C6-AAE0-AA64F4DC7FF0}.Release|Win32.ActiveCfg = Release|Win32
		{EE153211-B4D7-46C6-AAE0-AA64F4DC7FF0}.Release|Win32.Build.0 = Release|Win32
		{EE153211-B4D7-46C6-AAE0-AA64F4DC7FF0}.Release|x64.ActiveCfg = Release|x64
		{EE153211-B4D7-46C6-AAE0-AA64F4DC7FF0}.Release|x64.Build.0 = Release|x64
		{D2261A7A-F62D-4593-964E-FEBC8547962D}.Debug|Win32.ActiveCfg = Debug|Win32
		{D2261A7A-F62D-4593-964E-FEBC8547962D}.Debug|Win32.Build.0 = Debug|Win32
		{D2261A7A-F62D-4593-964E-FEBC8547962D}.Debug|x64.ActiveCfg = Debug|x64
		{D2261A7A-F62D-4593-964E-FEBC8547962D}.Debug|x64.Build.0 = Debug|x64
		{D2261A7A-F62D-4593-964E-FEBC8547962D}.Release|Win32.ActiveCfg = Release|Win32
		{D2261A7A-F62D-4593-964E-FEBC8547962D}.Release|Win32.Build.0 = Release|Win32
		{D2261A7A-F62D-4593-964E-FEBC8547962D}.Release|x64.ActiveCfg = Release|x64
		{D2261A7A-F62D-4593-964E-FEBC8547962D}.Release|x64.Build.0 = Release|x64
		{D6DD4313-F6A7-411D-96A4-94DD2F65E605}.Debug|Win32.ActiveCfg = Debug|Win32
		{D6DD4313-F6A7-411D-96A4-94DD2F65E605}.Debug|Win32.Build.0 = Debug|Win32
		{D6DD4313-F6A7-411D-96A4-94DD2F65E605}.Debug|x64.ActiveCfg = Debug|x64
		{D6DD4313-F6A7-411D-96A4-94DD2F65E605}.Debug|x64.Build.0 = Debug|x64
		{D6DD4313-F6A7-411D-96A4-94DD2F65E605}.Release|Win32.ActiveCfg = Release|Win32
		{D6DD4313-F6A7-411D-96A4-94DD2F65E605}.Release|Win32.Build.0 = Release|Win32
		{D6DD4313-F6A7-411D-96A4-94DD2F65E605}.Release|x64.ActiveCfg = Release|x64
		{D6DD4313-F6A7-411D-96A4-94DD2F65E605}.Release|x64.Build.0 = Release|x64
		{ED229CBD-106B-4953-8A04-A9BEAB011F15}.Debug|Win32.ActiveCfg = Debug|Win32
		{ED229CBD-106B-4953-8A04-A9BEAB011F15}.Debug|Win32.Build.0 = Debug|Win32
		{ED229CBD-106B-4953-8A04-A9BEAB011F15}.Debug|x64.ActiveCfg = Debug|x64
		{ED229CBD-106B-4953-8A04-A9BEAB011F15}.Debug|x64.Build.0 = Debug|x64
		{ED229CBD-106B-4953-8A04-A9BEAB011F15}.Release|Win32.ActiveCfg = Release|Win32
		{ED229CBD-106B-4953-8A04-A9BEAB011F15}.Release|Win32.Build.0 = Release|Win32
		{ED229CBD-106B-4953-8A04-A9BEAB011F15}.Release|x64.ActiveCfg = Release|x64
		{ED229CBD-106B-4953-8A04-A9BEAB011F15}.Release|x64.Build.0 = Release|x64
		{E25DEA18-98C9-44A1-990A-43DCD5EF5737}.Debug|Win32.ActiveCfg = Debug|Win32
		{E25DEA18-98C9-44A1-990A-43DCD5EF5737}.Debug|Win32.Build.0 = Debug|Win32
		{E25DEA18-98C9-44A1-990A-43DCD5EF5737}.Debug|x64.ActiveCfg = Debug|x64
		{E25DEA18-98C9-44A1-990A-43DCD5EF5737}.Debug|x64.Build.0 = Debug|x64
		{E25DEA18-98C9-44A1-990A-43DCD5EF5737}.Release|Win32.ActiveCfg = Release|Win32
		{E25DEA18-98C9-44A1-990A-43DCD5EF5737}.Release|Win32.Build.0 = Release|Win32
		{E25DEA18-98C9-44A1-990A-43DCD5EF5737}.Release|x64.ActiveCfg = Release|x64
		{E25DEA18-98C9-44A1-990A-43DCD5EF5737}.Release|x64.Build.0 = Release|x64
		{80CF7862-A9B1-4628-A9E2-5C51842AF4D9}.Debug|Win32.ActiveCfg = Debug|Win32
		{80CF7862-A9B1-4628-A9E2-5C51842AF4D9}.Debug|Win32.Build.0 = Debug|Win32
		{80CF7862-A9B1-4628-A9E2-5C51842AF4D9}.Debug|x64.ActiveCfg = Debug|x64
		{80CF7862-A9B1-4628-A9E2-5C51842AF4D9}.Debug|x64.Build.0 = Debug|x64
		{80CF7862-A9B1-4628-A9E2-5C51842AF4D9}.Release|Win32.ActiveCfg = Release|Win32
		{80CF7862-A9B1-4628-A9E2-5C51842AF4D9}.Release|Win32.Build.0 = Release|Win32
		{80CF7862-A9B1-4628-A9E2-5C51842AF4D9}.Release|x64.ActiveCfg = Release|x64
		{80CF7862-A9B1-4628-A9E2-5C51842AF4D9}.Release|x64.Build.0 = Release|x64
		{6E68D25A-F343-40C6-827A-80FD1ED18782}.Debug|Win32.ActiveCfg = Debug|Win32
		{6E68D25A-F343-40C6-827A-80FD1ED18782}.Debug|Win32.Build.0 = Debug|Win32
		{6E68D25A-F343-40C6-827A-80FD1ED18782}.Debug|x64.ActiveCfg = Debug|x64
		{6E68D25A-F343-40C6-827A-80FD1ED18782}.Debug|x64.Build.0 = Debug|x64
		{6E68D25A-F343-40C6-827A-80FD1ED18782}.Release|Win32.ActiveCfg = Release|Win32
		{6E68D25A-F343-40C6-827A-80FD1ED18782}.Release|Win32.Build.0 = Release|Win32
		{6E68D25A-F343-40C6-827A-80FD1ED18782}.Release|x64.ActiveCfg = Release|x64
		{6E68D25A-F343-40C6-827A-80FD1ED18782}.Release|x64.Build.0 = Release|x64
		{2AE196F2-2992-4631-AAC5-FCCBDB18EAF2}.Debug|Win32.ActiveCfg = Debug|Win32
		{2AE196F2-2992-4631-AAC5-FCCBDB18EAF2}.Debug|Win32.Build.0 = Debug|Win32
		{2AE196F2-2992-4631-AAC5-FCCBDB18EAF2}.Debug|x64.ActiveCfg = Debug|x64
		{2AE196F2-2992-4631-AAC5-FCCBDB18EAF2}.Debug|x64.Build.0 = Debug|x64
		{2AE196F2-2992-4631-AAC5-FCCBDB18EAF2}.Release|Win32.ActiveCfg = Release|Win32
		{2AE196F2-2992-4631-AAC5-FCCBDB18EAF2}.Release|Win32.Build.0 = Release|Win32
		{2AE196F2-2992-4631-AAC5-FCCBDB18EAF2}.Release|x64.ActiveCfg = Release|x64
		{2AE196F2-2992-4631-AAC5-FCCBDB18EAF2}.Release|x64.Build.0 = Release|x64
		{B945CAE3-F906-4650-9F21-ECD737782A16}.Debug|Win32.ActiveCfg = Debug|Win32
		{B945CAE3-F906-4650-9F21-ECD737782A16}.Debug|Win32.Build.0 = Debug|Win32
		{B945CAE3-F906-4650-9F21-ECD737782A16}.Debug|x64.ActiveCfg = Debug|x64
		{B945CAE3-F906-4650-9F21-ECD737782A16}.Debug|x64.Build.0 = Debug|x64
		{B945CAE3-F906-4650-9F21-ECD737782A16}.Release|Win32.ActiveCfg = Release|Win32
		{B945CAE3-F906-4650-9F21-ECD737782A16}.Release|Win32.Build.0 = Release|Win32
		{B945CAE3-F906-4650-9F21-ECD737782A16}.Release|x64.ActiveCfg = Release|x64
		{B945CAE3-F906-4650-9F21-ECD737782A16}.Release|x64.Build.0 = Release|x64
		{A0DBD88C-B093-47E9-83F8-DB84595C6546}.Debug|Win32.ActiveCfg = Debug|Win32
		{A0DBD88C-B093-47E9-83F8-DB84595C6546}.Debug|Win32.Build.0 = Debug|Win32
		{A0DBD88C-B093-47E9-83F8-DB84595C6546}.Debug|x64.ActiveCfg = Debug|x64
		{A0DBD88C-B093-47E9-83F8-DB84595C6546}.Debug|x64.Build.0 = Debug|x64
		{A0DBD88C-B093-47E9-83F8-DB84595C6546}.Release|Win32.ActiveCfg = Release|Win32
		{A0DBD88C-B093-47E9-83F8-DB84595C6546}.Release|Win32.Build.0 = Release|Win32
		{A0DBD88C-B093-47E9-83F8-DB84595C6546}.Release|x64.ActiveCfg = Release|x64
		{A0DBD88C-B093-47E9-83F8-DB84595C6546}.Release|x64.Build.0 = Release|x64
		{022AEF98-E93A-498B-8217-40E5B6510FDE}.Debug|Win32.ActiveCfg = Debug|Win32
		{022AEF98-E93A-498B-8217-40E5B6510FDE}.Debug|Win32.Build.0 = Debug|Win32
		{022AEF98-E93A-498B-8217-40E5B6510FDE}.Debug|x64.ActiveCfg = Debug|x64
		{022AEF98-E93A-498B-8217-40E5B6510FDE}.Debug|x64.Build.0 = Debug|x64
		{022AEF98-E93A-498B-8217-40E5B6510FDE}.Release|Win32.ActiveCfg = Release|Win32
		{022AEF98-E93A-498B-8217-40E5B6510FDE}.Release|Win32.Build.0 = Release|Win32
		{022AEF98-E93A-498B-8217-40E5B6510FDE}.Release|x64.ActiveCfg = Release|x64
		{022AEF98-E93A-498B-8217-40E5B6510FDE}.Release|x64.Build.0 = Release|x64
		{4D367F2A-CD39-4351-8688-CB33B220D208}.Debug|Win32.ActiveCfg = Debug|Win32
		{4D367F2A-CD39-4351-8688-CB33B220D208}.Debug|Win32.Build.0 = Debug|Win32
		{4D367F2A-CD39-4351-8688-CB33B220D208}.Debug|x64.ActiveCfg = Debug|x64
		{4D367F2A-CD39-4351-8688-CB33B220D208}.Debug|x64.Build.0 = Debug|x64
		{4D367F2A-CD39-4351-8688-CB33B220D208}.Release|Win32.ActiveCfg = Release|Win32
		{4D367F2A-CD39-4351-8688-CB33B220D208}.Release|Win32.Build.0 = Release|Win32
		{4D367F2A-CD39-4351-8688-CB33B220D208}.Release|x64.ActiveCfg = Release|x64
		{4D367F2A-CD39-4351-8688-CB33B220D208}.Release|x64.Build.0 = Release|x64
		{9CBA1CF5-2A1B-41A4-85F6-22BE0A6756AB}.Debug|Win32.ActiveCfg = Debug|Win32
		{9CBA1CF5-2A1B-41A4-85F6-22BE0A6756AB}.Debug|Win32.Build.0 = Debug|Win32
		{9CBA1CF5-2A1B-41A4-85F6-22BE0A6756AB}.Debug|x64.ActiveCfg = Debug|x64
		{9CBA1CF5-2A1B-41A4-85F6-22BE0A6756AB}.Debug|x64.Build.0 = Debug|x64
		{9CBA1CF5-2A1B-41A4-85F6-22BE0A6756AB}.Release|Win32.ActiveCfg = Release|Win32
		{9CBA1CF5-2A1B-41A4-85F6-22BE0A6756AB}.Release|Win32.Build.0 = Release|Win32
		{9CBA1CF5-2A1B-41A4-85F6-22BE0A6756AB}.Release|x64.ActiveCfg = Release|x64
		{9CBA1CF5-2A1B-41A4-85F6-22BE0A6756AB}.Release|x64.Build.0 = Release|x64
		{4BE8CF88-B4DB-40DC-A23A-573B8B24467E}.Debug|Win32.ActiveCfg = Debug|Win32
		{4BE8CF88-B4DB-40DC-A23A-573B8B24467E}.Debug|Win32.Build.0 = Debug|Win32
		{4BE8CF88-B4DB-40DC-A23A-573B8B24467E}.Debug|x64.ActiveCfg = Debug|x64
		{4BE8CF88-B4DB-40DC-A23A-573B8B24467E}.Debug|x64.Build.0 = Debug|x64
		{4BE8CF88-B4DB-40DC-A23A-573B8B24467E}.Release|Win32.ActiveCfg = Release|Win32
		{4BE8CF88-B4DB-40DC-A23A-573B8B24467E}.Release|Win32.Build.0 = Release|Win32
		{4BE8CF88-B4DB-40DC-A23A-573B8B24467E}.Release|x64.ActiveCfg = Release|x64
		{4BE8CF88-B4DB-40DC-A23A-573B8B24467E}.Release|x64.Build.0 = Release|x64
		{AF7F45C7-8545-4CA2-B835-FDE8823B7B09}.Debug|Win32.ActiveCfg = Debug|Win32
		{AF7F45C7-8545-4CA2-B835-FDE8823B7B09}.Debug|Win32.Build.0 = Debug|Win32
		{AF7F45C7-8545-4CA2-B835-FDE8823B7B09}.Debug|x64.ActiveCfg = Debug|x64
		{AF7F45C7-8545-4CA2-B835-FDE8823B7B09}.Debug|x64.Build.0 = Debug|x64
		{AF7F45C7-8545-4CA2-B835-FDE8823B7B09}.Release|Win32.ActiveCfg = Release|Win32
		{AF7F45C7-8545-4CA2-B835-FDE8823B7B09}.Release|Win32.Build.0 = Release|Win32
		{AF7F45C7-8545-4CA2-B835-FDE8823B7B09}.Release|x64.ActiveCfg = Release|x64
		{AF7F45C7-8545-4CA2-B835-FDE8823B7B09}.Release|x64.Build.0 = Release|x64
		{0B38A91C-E797-46F9-9433-E1D5BFC3FFAB}.Debug|Win32.ActiveCfg = Debug|Win32
		{0B38A91C-E797-46F9-9433-E1D5BFC3FFAB}.Debug|Win32.Build.0 = Debug|Win32
		{0B38A91C-E797-46F9-9433-E1D5BFC3FFAB}.Debug|x64.ActiveCfg = Debug|x64
		{0B38A91C-E797-46F9-9433-E1D5BFC3FFAB}.Debug|x64.Build.0 = Debug|x64
		{0B38A91C-E797-46F9-9433-E1D5BFC3FFAB}.Release|Win32.ActiveCfg = Release|Win32
		{0B38A91C-E797-46F9-9433-E1D5BFC3FFAB}.Release|Win32.Build.0 = Release|Win32
		{0B38A91C-E797-46F9-9433-E1D5BFC3FFAB}.Release|x64.ActiveCfg = Release|x64
		{0B38A91C-E797-46F9-9433-E1D5BFC3FFAB}.Release|x64.Build.0 = Release|x64
		{680BBEF1-4154-4969-8600-86C5097BF05D}.Debug|Win32.ActiveCfg = Debug|Win32
		{680BBEF1-4154-4969-8600-86C5097BF05D}.Debug|Win32.Build.0 = Debug|Win32
		{680BBEF1-4154-4969-8600-86C5097BF05D}.Debug|x64.ActiveCfg = Debug|x64
		{680BBEF1-4154-4969-8600-86C5097BF05D}.Debug|x64.Build.0 = Debug|x64
		{680BBEF1-4154-4969-8600-86C5097BF05D}.Release|Win32.ActiveCfg = Release|Win32
		{680BBEF1-4154-4969-8600-86C5097BF05D}.Release|Win32.Build.0 = Release|Win32
		{680BBEF1-4154-4969-8600-86C5097BF05D}.Release|x64.ActiveCfg = Release|x64
		{680BBEF1-4154-4969-8600-86C5097BF05D}.Release|x64.Build.0 = Release|x64
		{7E8F5E8C-716F-4B3B-9CE2-1A48B6A2DF7D}.Debug|Win32.ActiveCfg = Debug|Win32
		{7E8F5E8C-716F-4B3B-9CE2-1A48B6A2DF7D}.Debug|Win32.Build.0 = Debug|Win32
		{7E8F5E8C-716F-4B3B-9CE2-1A48B6A2DF7D}.Debug|x64.ActiveCfg = Debug|x64
		{7E8F5E8C-716F-4B3B-9CE2-1A48B6A2DF7D}.Debug|x64.Build.0 = Debug|x64
		{7E8F5E8C-716F-4B3B-9CE2-1A48B6A2DF7D}.Release|Win32.ActiveCfg = Release|Win32
		{7E8F5E8C-716F-4B3B-9CE2-1A48B6A2DF7D}.Release|Win32.Build.0 = Release|Win32
		{7E8F5E8C-716F-4B3B-9CE2-1A48B6A2DF7D}.Release|x64.ActiveCfg = Release|x64
		{7E8F5E8C-716F-4B3B-9CE2-1A48B6A2DF7D}.Release|x64.Build.0 = Release|x64
		{D08A9151-7F62-43EC-BF1C-F20E08BEB3DF}.Debug|Win32.ActiveCfg = Debug|Win32
		{D08A9151-7F62-43EC-BF1C-F20E08BEB3DF}.Debug|Win32.Build.0 = Debug|Win32
		{D08A9151-7F62-43EC-BF1C-F20E08BEB3DF}.Debug|x64.ActiveCfg = Debug|x64
		{D08A9151-7F62-43EC-BF1C-F20E08BEB3DF}.Debug|x64.Build.0 = Debug|x64
		{D08A9151-7F62-43EC-BF1C-F20E08BEB3DF}.Release|Win32.ActiveCfg = Release|Win32
		{D08A9151-7F62-43EC-BF1C-F20E08BEB3DF}.Release|Win32.Build.0 = Release|Win32
		{D08A9151-7F62-43EC-BF1C-F20E08BEB3DF}.Release|x64.ActiveCfg = Release|x64
		{D08A9151-7F62-43EC-BF1C-F20E08BEB3DF}.Release|x64.Build.0 = Release|x64
		{869A144C-A321-4583-AD1A-953F98A3C901}.Debug|Win32.ActiveCfg = Debug|Win32
		{869A144C-A321-4583-AD1A-953F98A3C901}.Debug|Win32.Build.0 = Debug|Win32
		{869A144C-A321-4583-AD1A-953F98A3C901}.Debug|x64.ActiveCfg = Debug|x64
		{869A144C-A321-4583-AD1A-953F98A3C901}.Debug|x64.Build.0 = Debug|x64
		{869A144C-A321-4583-AD1A-953F98A3C901}.Release|Win32.ActiveCfg = Release|Win32
		{869A144C-A321-4583-AD1A-953F98A3C901}.Release|Win32.Build.0 = Release|Win32
		{869A144C-A321-4583-AD1A-953F98A3C901}.Release|x64.ActiveCfg = Release|x64
		{869A144C-A321-4583-AD1A-953F98A3C901}.Release|x64.Build.0 = Release|x64
		{88755312-1AD2-481A-9509-9CC65F230DA9}.Debug|Win32.ActiveCfg = Debug|Win32
		{88755312-1AD2-481A-9509-9CC65F230DA9}.Debug|Win32.Build.0 = Debug|Win32
		{88755312-1AD2-481A-9509-9CC65F230DA9}.Debug|x64.ActiveCfg = Debug|x64
		{88755312-1AD2-481A-9509-9CC65F230DA9}.Debug|x64.Build.0 = Debug|x64
		{88755312-1AD2-481A-9509-9CC65F230DA9}.Release|Win32.ActiveCfg = Release|Win32
		{88755312-1AD2-481A-9509-9CC65F230DA9}.Release|Win32.Build.0 = Release|Win32
		{88755312-1AD2-481A-9509-9CC65F230DA9}.Release|x64.ActiveCfg = Release|x64
		{88755312-1AD2-481A-9509-9CC65F230DA9}.Release|x64.Build.0 = Release|x64
		{DD1EBA77-C7DB-473D-9A2D-778991E3FEA1}.Debug|Win32.ActiveCfg = Debug|Win32
		{DD1EBA77-C7DB-473D-9A2D-778991E3FEA1}.Debug|Win32.Build.0 = Debug|Win32
		{DD1EBA77-C7DB-473D-9A2D-778991E3FEA1}.Debug|x64.ActiveCfg = Debug|x64
		{DD1EBA77-C7DB-473D-9A2D-778991E3FEA1}.Debug|x64.Build.0 = Debug|x64
		{DD1EBA77-C7DB-473D-9A2D-778991E3FEA1}.Release|Win32.ActiveCfg = Release|Win32
		{DD1EBA77-C7DB-473D-9A2D-778991E3FEA1}.Release|Win32.Build.0 = Release|Win32
		{DD1EBA77-C7DB-473D-9A2D-778991E3FEA1}.Release|x64.ActiveCfg = Release|x64
		{DD1EBA77-C7DB-473D-9A2D-778991E3FEA1}.Release|x64.Build.0 = Release|x64
		{DD1EBA77-C7DB-473D-9A2D-778991E3FEA2}.Debug|Win32.ActiveCfg = Debug|Win32
		{DD1EBA77-C7DB-473D-9A2D-778991E3FEA2}.Debug|Win32.Build.0 = Debug|Win32
		{DD1EBA77-C7DB-473D-9A2D-778991E3FEA2}.Debug|x64.ActiveCfg = Debug|x64
		{DD1EBA77-C7DB-473D-9A2D-778991E3FEA2}.Debug|x64.Build.0 = Debug|x64
		{DD1EBA77-C7DB-473D-9A2D-778991E3FEA2}.Release|Win32.ActiveCfg = Release|Win32
		{DD1EBA77-C7DB-473D-9A2D-778991E3FEA2}.Release|Win32.Build.0 = Release|Win32
		{DD1EBA77-C7DB-473D-9A2D-778991E3FEA2}.Release|x64.ActiveCfg = Release|x64
		{DD1EBA77-C7DB-473D-9A2D-778991E3FEA2}.Release|x64.Build.0 = Release|x64
		{48D760A3-A90C-439B-A976-7AC2896B30FE}.Debug|Win32.ActiveCfg = Debug|Win32
		{48D760A3-A90C-439B-A976-7AC2896B30FE}.Debug|Win32.Build.0 = Debug|Win32
		{48D760A3-A90C-439B-A976-7AC2896B30FE}.Debug|x64.ActiveCfg = Debug|x64
		{48D760A3-A90C-439B-A976-7AC2896B30FE}.Debug|x64.Build.0 = Debug|x64
		{48D760A3-A90C-439B-A976-7AC2896B30FE}.Release|Win32.ActiveCfg = Release|Win32
		{48D760A3-A90C-439B-A976-7AC2896B30FE}.Release|Win32.Build.0 = Release|Win32
		{48D760A3-A90C-439B-A976-7AC2896B30FE}.Release|x64.ActiveCfg = Release|x64
		{48D760A3-A90C-439B-A976-7AC2896B30FE}.Release|x64.Build.0 = Release|x64
		{9149E6F5-F965-406C-982B-A7748E1F18B0}.Debug|Win32.ActiveCfg = Debug|Win32
		{9149E6F5-F965-406C-982B-A7748E1F18B0}.Debug|Win32.Build.0 = Debug|Win32
		{9149E6F5-F965-406C-982B-A7748E1F18B0}.Debug|x64.ActiveCfg = Debug|x64
		{9149E6F5-F965-406C-982B-A7748E1F18B0}.Debug|x64.Build.0 = Debug|x64
		{9149E6F5-F965-406C-982B-A7748E1F18B0}.Release|Win32.ActiveCfg = Release|Win32
		{9149E6F5-F965-406C-982B-A7748E1F18B0}.Release|Win32.Build.0 = Release|Win32
		{9149E6F5-F965-406C-982B-A7748E1F18B0}.Release|x64.ActiveCfg = Release|x64
		{9149E6F5-F965-406C-982B-A7748E1F18B0}.Release|x64.Build.0 = Release|x64
		{5F06DB6D-AB1B-4B62-8373-255336036838}.Debug|Win32.ActiveCfg = Debug|Win32
		{5F06DB6D-AB1B-4B62-8373-255336036838}.Debug|Win32.Build.0 = Debug|Win32
		{5F06DB6D-AB1B-4B62-8373-255336036838}.Debug|x64.ActiveCfg = Debug|x64
		{5F06DB6D-AB1B-4B62-8373-255336036838}.Debug|x64.Build.0 = Debug|x64
		{5F06DB6D-AB1B-4B62-8373-255336036838}.Release|Win32.ActiveCfg = Release|Win32
		{5F06DB6D-AB1B-4B62-8373-255336036838}.Release|Win32.Build.0 = Release|Win32
		{5F06DB6D-AB1B-4B62-8373-255336036838}.Release|x64.ActiveCfg = Release|x64
		{5F06DB6D-AB1B-4B62-8373-255336036838}.Release|x64.Build.0 = Release|x64
		{50C0DBFF-DF34-40DC-95E7-DBC33D8B3DDD}.Debug|Win32.ActiveCfg = Debug|Win32
		{50C0DBFF-DF34-40DC-95E7-DBC33D8B3DDD}.Debug|Win32.Build.0 = Debug|Win32
		{50C0DBFF-DF34-40DC-95E7-DBC33D8B3DDD}.Debug|x64.ActiveCfg = Debug|x64
		{50C0DBFF-DF34-40DC-95E7-DBC33D8B3DDD}.Debug|x64.Build.0 = Debug|x64
		{50C0DBFF-DF34-40DC-95E7-DBC33D8B3DDD}.Release|Win32.ActiveCfg = Release|Win32
		{50C0DBFF-DF34-40DC-95E7-DBC33D8B3DDD}.Release|Win32.Build.0 = Release|Win32
		{50C0DBFF-DF34-40DC-95E7-DBC33D8B3DDD}.Release|x64.ActiveCfg = Release|x64
		{50C0DBFF-DF34-40DC-95E7-DBC33D8B3DDD}.Release|x64.Build.0 = Release|x64
		{9041C142-2104-4DC8-A383-74774DC07816}.Debug|Win32.ActiveCfg = Debug|Win32
		{9041C142-2104-4DC8-A383-74774DC07816}.Debug|Win32.Build.0 = Debug|Win32
		{9041C142-2104-4DC8-A383-74774DC07816}.Debug|x64.ActiveCfg = Debug|x64
		{9041C142-2104-4DC8-A383-74774DC07816}.Debug|x64.Build.0 = Debug|x64
		{9041C142-2104-4DC8-A383-74774DC07816}.Release|Win32.ActiveCfg = Release|Win32
		{9041C142-2104-4DC8-A383-74774DC07816}.Release|Win32.Build.0 = Release|Win32
		{9041C142-2104-4DC8-A383-74774DC07816}.Release|x64.ActiveCfg = Release|x64
		{9041C142-2104-4DC8-A383-74774DC07816}.Release|x64.Build.0 = Release|x64
		{424BD9F7-9E43-4A3A-9938-9AA8BBB47EB2}.Debug|Win32.ActiveCfg = Debug|Win32
		{424BD9F7-9E43-4A3A-9938-9AA8BBB47EB2}.Debug|Win32.Build.0 = Debug|Win32
		{424BD9F7-9E43-4A3A-9938-9AA8BBB47EB2}.Debug|x64.ActiveCfg = Debug|x64
		{424BD9F7-9E43-4A3A-9938-9AA8BBB47EB2}.Debug|x64.Build.0 = Debug|x64
		{424BD9F7-9E43-4A3A-9938-9AA8BBB47EB2}.Release|Win32.ActiveCfg = Release|Win32
		{424BD9F7-9E43-4A3A-9938-9AA8BBB47EB2}.Release|Win32.Build.0 = Release|Win32
		{424BD9F7-9E43-4A3A-9938-9AA8BBB47EB2}.Release|x64.ActiveCfg = Release|x64
		{424BD9F7-9E43-4A3A-9938-9AA8BBB47EB2}.Release|x64.Build.0 = Release|x64
		{4434C2E7-DFF8-4429-B864-49E015A7F603}.Debug|Win32.ActiveCfg = Debug|Win32
		{4434C2E7-DFF8-4429-B864-49E015A7F603}.Debug|Win32.Build.0 = Debug|Win32
		{4434C2E7-DFF8-4429-B864-49E015A7F603}.Debug|x64.ActiveCfg = Debug|x64
		{4434C2E7-DFF8-4429-B864-49E015A7F603}.Debug|x64.Build.0 = Debug|x64
		{4434C2E7-DFF8-4429-B864-49E015A7F603}.Release|Win32.ActiveCfg = Release|Win32
		{4434C2E7-DFF8-4429-B864-49E015A7F603}.Release|Win32.Build.0 = Release|Win32
		{4434C2E7-DFF8-4429-B864-49E015A7F603}.Release|x64.ActiveCfg = Release|x64
		{4434C2E7-DFF8-4429-B864-49E015A7F603}.Release|x64.Build.0 = Release|x64
		{D497C2AB-F545-4AC9-A59E-6DC70D81C24F}.Debug|Win32.ActiveCfg = Debug|Win32
		{D497C2AB-F545-4AC9-A59E-6DC70D81C24F}.Debug|Win32.Build.0 = Debug|Win32
		{D497C2AB-F545-4AC9-A59E-6DC70D81C24F}.Debug|x64.ActiveCfg = Debug|x64
		{D497C2AB-F545-4AC9-A59E-6DC70D81C24F}.Debug|x64.Build.0 = Debug|x64
		{D497C2AB-F545-4AC9-A59E-6DC70D81C24F}.Release|Win32.ActiveCfg = Release|Win32
		{D497C2AB-F545-4AC9-A59E-6DC70D81C24F}.Release|Win32.Build.0 = Release|Win32
		{D497C2AB-F545-4AC9-A59E-6DC70D81C24F}.Release|x64.ActiveCfg = Release|x64
		{D497C2AB-F545-4AC9-A59E-6DC70D81C24F}.Release|x64.Build.0 = Release|x64
		{0C701F33-36C2-4BAE-82DB-42345788FC3E}.Debug|Win32.ActiveCfg = Debug|Win32
		{0C701F33-36C2-4BAE-82DB-42345788FC3E}.Debug|Win32.Build.0 = Debug|Win32
		{0C701F33-36C2-4BAE-82DB-42345788FC3E}.Debug|x64.ActiveCfg = Debug|x64
		{0C701F33-36C2-4BAE-82DB-42345788FC3E}.Debug|x64.Build.0 = Debug|x64
		{0C701F33-36C2-4BAE-82DB-42345788FC3E}.Release|Win32.ActiveCfg = Release|Win32
		{0C701F33-36C2-4BAE-82DB-42345788FC3E}.Release|Win32.Build.0 = Release|Win32
		{0C701F33-36C2-4BAE-82DB-42345788FC3E}.Release|x64.ActiveCfg = Release|x64
		{0C701F33-36C2-4BAE-82DB-42345788FC3E}.Release|x64.Build.0 = Release|x64
		{DFA83B78-E0F8-4DE9-9E2A-A4C4E509C640}.Debug|Win32.ActiveCfg = Debug|Win32
		{DFA83B78-E0F8-4DE9-9E2A-A4C4E509C640}.Debug|Win32.Build.0 = Debug|Win32
		{DFA83B78-E0F8-4DE9-9E2A-A4C4E509C640}.Debug|x64.ActiveCfg = Debug|x64
		{DFA83B78-E0F8-4DE9-9E2A-A4C4E509C640}.Debug|x64.Build.0 = Debug|x64
		{DFA83B78-E0F8-4DE9-9E2A-A4C4E509C640}.Release|Win32.ActiveCfg = Release|Win32
		{DFA83B78-E0F8-4DE9-9E2A-A4C4E509C640}.Release|Win32.Build.0 = Release|Win32
		{DFA83B78-E0F8-4DE9-9E2A-A4C4E509C640}.Release|x64.ActiveCfg = Release|x64
		{DFA83B78-E0F8-4DE9-9E2A-A4C4E509C640}.Release|x64.Build.0 = Release|x64
	EndGlobalSection
	GlobalSection(SolutionProperties) = preSolution
		HideSolutionNode = FALSE
	EndGlobalSection
	GlobalSection(NestedProjects) = preSolution
		{F9750D72-D315-4F81-AF1B-10938220FFB3} = {AEB81AD0-2523-435D-8125-76D9B241B21E}
		{BF58727A-D088-4911-8A40-74DFD600AD30} = {AEB81AD0-2523-435D-8125-76D9B241B21E}
		{21630B5A-116E-4F77-9E29-A88AE622CC94} = {AEB81AD0-2523-435D-8125-76D9B241B21E}
		{D2261A7A-F62D-4593-964E-FEBC8547962D} = {AEB81AD0-2523-435D-8125-76D9B241B21E}
		{B945CAE3-F906-4650-9F21-ECD737782A16} = {647D8E06-97AD-4BA8-A006-9E02EE7C822B}
		{DD1EBA77-C7DB-473D-9A2D-778991E3FEA1} = {647D8E06-97AD-4BA8-A006-9E02EE7C822B}
		{DD1EBA77-C7DB-473D-9A2D-778991E3FEA2} = {647D8E06-97AD-4BA8-A006-9E02EE7C822B}
		{48D760A3-A90C-439B-A976-7AC2896B30FE} = {647D8E06-97AD-4BA8-A006-9E02EE7C822B}
		{5F06DB6D-AB1B-4B62-8373-255336036838} = {647D8E06-97AD-4BA8-A006-9E02EE7C822B}
		{0C701F33-36C2-4BAE-82DB-42345788FC3E} = {647D8E06-97AD-4BA8-A006-9E02EE7C822B}
		{496A8209-EB7E-4207-807A-11F4B92C3FFC} = {050140A7-634E-46A6-870F-6D1DE78F7DF8}
		{EE2C07F9-B963-4FE7-A87A-D997244DBDE5} = {050140A7-634E-46A6-870F-6D1DE78F7DF8}
		{EE153211-B4D7-46C6-AAE0-AA64F4DC7FF0} = {050140A7-634E-46A6-870F-6D1DE78F7DF8}
		{ED229CBD-106B-4953-8A04-A9BEAB011F15} = {050140A7-634E-46A6-870F-6D1DE78F7DF8}
		{80CF7862-A9B1-4628-A9E2-5C51842AF4D9} = {050140A7-634E-46A6-870F-6D1DE78F7DF8}
		{4D367F2A-CD39-4351-8688-CB33B220D208} = {050140A7-634E-46A6-870F-6D1DE78F7DF8}
		{0B38A91C-E797-46F9-9433-E1D5BFC3FFAB} = {050140A7-634E-46A6-870F-6D1DE78F7DF8}
		{D08A9151-7F62-43EC-BF1C-F20E08BEB3DF} = {050140A7-634E-46A6-870F-6D1DE78F7DF8}
		{50C0DBFF-DF34-40DC-95E7-DBC33D8B3DDD} = {050140A7-634E-46A6-870F-6D1DE78F7DF8}
		{4BE8CF88-B4DB-40DC-A23A-573B8B24467E} = {0DD9D0BF-DD5E-45C1-8814-C95738709A2D}
		{AF7F45C7-8545-4CA2-B835-FDE8823B7B09} = {0DD9D0BF-DD5E-45C1-8814-C95738709A2D}
		{C9ED550B-10A3-49D0-82E9-E0C475980F55} = {03033F22-7E11-40A5-8749-4645E71760C9}
		{E25DEA18-98C9-44A1-990A-43DCD5EF5737} = {AC9D3ED4-C50A-40B4-8806-4B3FB260A6FA}
		{6E68D25A-F343-40C6-827A-80FD1ED18782} = {AC9D3ED4-C50A-40B4-8806-4B3FB260A6FA}
		{7E8F5E8C-716F-4B3B-9CE2-1A48B6A2DF7D} = {AC9D3ED4-C50A-40B4-8806-4B3FB260A6FA}
		{869A144C-A321-4583-AD1A-953F98A3C901} = {AC9D3ED4-C50A-40B4-8806-4B3FB260A6FA}
		{88755312-1AD2-481A-9509-9CC65F230DA9} = {AC9D3ED4-C50A-40B4-8806-4B3FB260A6FA}
		{9041C142-2104-4DC8-A383-74774DC07816} = {AC9D3ED4-C50A-40B4-8806-4B3FB260A6FA}
		{424BD9F7-9E43-4A3A-9938-9AA8BBB47EB2} = {AC9D3ED4-C50A-40B4-8806-4B3FB260A6FA}
		{4434C2E7-DFF8-4429-B864-49E015A7F603} = {AC9D3ED4-C50A-40B4-8806-4B3FB260A6FA}
		{2AE196F2-2992-4631-AAC5-FCCBDB18EAF2} = {37DD7A6C-ADC1-4D17-9B07-1235192B8B7C}
		{A0DBD88C-B093-47E9-83F8-DB84595C6546} = {37DD7A6C-ADC1-4D17-9B07-1235192B8B7C}
		{022AEF98-E93A-498B-8217-40E5B6510FDE} = {37DD7A6C-ADC1-4D17-9B07-1235192B8B7C}
		{9149E6F5-F965-406C-982B-A7748E1F18B0} = {37DD7A6C-ADC1-4D17-9B07-1235192B8B7C}
		{D497C2AB-F545-4AC9-A59E-6DC70D81C24F} = {37DD7A6C-ADC1-4D17-9B07-1235192B8B7C}
		{DFA83B78-E0F8-4DE9-9E2A-A4C4E509C640} = {37DD7A6C-ADC1-4D17-9B07-1235192B8B7C}
	EndGlobalSection
EndGlobal
